{
  "name": "gridstack-example",
  "version": "1.0.0",
  "lockfileVersion": 3,
  "requires": true,
  "packages": {
    "": {
      "name": "gridstack-example",
      "version": "1.0.0",
      "license": "ISC",
      "dependencies": {
        "gridstack": "^8.3.0"
      }
    },
    "node_modules/gridstack": {
      "version": "8.3.0",
      "resolved": "https://registry.npmjs.org/gridstack/-/gridstack-8.3.0.tgz",
      "integrity": "sha512-RcL2xskAYKOpakvpSwHdKheG7C7YgNY7777C5m+T1JMjSgcmEc3qPBM573l0NuyjMz4Errx1/3p+rMgUfF4+mw==",
      "funding": [
        {
          "type": "paypal",
          "url": "https://www.paypal.me/alaind831"
        },
        {
          "type": "venmo",
          "url": "https://www.venmo.com/adumesny"
        }
      ]
    }
  }
}
